
Microsoft Visual Studio Solution File, Format Version 12.00
# Visual Studio Version 16
VisualStudioVersion = 16.0.31515.178
MinimumVisualStudioVersion = 10.0.40219.1
Project("{FAE04EC0-301F-11D3-BF4B-00C04F79EFBC}") = "myfirstwebapi", "myfirstwebapi\myfirstwebapi.csproj", "{418A5DE7-9571-4831-8C5D-40765E012B12}"
EndProject
Global
	GlobalSection(SolutionConfigurationPlatforms) = preSolution
		Debug|Any CPU = Debug|Any CPU
		Release|Any CPU = Release|Any CPU
	EndGlobalSection
	GlobalSection(ProjectConfigurationPlatforms) = postSolution
		{418A5DE7-9571-4831-8C5D-40765E012B12}.Debug|Any CPU.ActiveCfg = Debug|Any CPU
		{418A5DE7-9571-4831-8C5D-40765E012B12}.Debug|Any CPU.Build.0 = Debug|Any CPU
		{418A5DE7-9571-4831-8C5D-40765E012B12}.Release|Any CPU.ActiveCfg = Release|Any CPU
		{418A5DE7-9571-4831-8C5D-40765E012B12}.Release|Any CPU.Build.0 = Release|Any CPU
	EndGlobalSection
	GlobalSection(SolutionProperties) = preSolution
		HideSolutionNode = FALSE
	EndGlobalSection
	GlobalSection(ExtensibilityGlobals) = postSolution
		SolutionGuid = {B51F18E4-BC9B-4D46-BDC5-2777E66E1EB5}
	EndGlobalSection
EndGlobal
